
Microsoft Visual Studio Solution File, Format Version 12.00
# Visual Studio 15
VisualStudioVersion = 15.0.27703.2018
MinimumVisualStudioVersion = 10.0.40219.1
Project("{FAE04EC0-301F-11D3-BF4B-00C04F79EFBC}") = "Keynvaders", "Keynvaders\Keynvaders.csproj", "{298140F6-6373-4D5C-9CDA-2DF9A98AC9BE}"
EndProject
Global
	GlobalSection(SolutionConfigurationPlatforms) = preSolution
		Debug|Any CPU = Debug|Any CPU
		Release|Any CPU = Release|Any CPU
	EndGlobalSection
	GlobalSection(ProjectConfigurationPlatforms) = postSolution
		{298140F6-6373-4D5C-9CDA-2DF9A98AC9BE}.Debug|Any CPU.ActiveCfg = Debug|Any CPU
		{298140F6-6373-4D5C-9CDA-2DF9A98AC9BE}.Debug|Any CPU.Build.0 = Debug|Any CPU
		{298140F6-6373-4D5C-9CDA-2DF9A98AC9BE}.Release|Any CPU.ActiveCfg = Release|Any CPU
		{298140F6-6373-4D5C-9CDA-2DF9A98AC9BE}.Release|Any CPU.Build.0 = Release|Any CPU
	EndGlobalSection
	GlobalSection(SolutionProperties) = preSolution
		HideSolutionNode = FALSE
	EndGlobalSection
	GlobalSection(ExtensibilityGlobals) = postSolution
		SolutionGuid = {AB5DD7D3-836B-4CE0-9D83-731213CA5F32}
	EndGlobalSection
EndGlobal
